// !$*UTF8*$!
{
	archiveVersion = 1;
	classes = {
	};
	objectVersion = 50;
	objects = {

/* Begin PBXBuildFile section */
		F9E7F45120E63878003E3E5A /* AppDelegate.m in Sources */ = {isa = PBXBuildFile; fileRef = F9E7F45020E63878003E3E5A /* AppDelegate.m */; };
		F9E7F45420E63878003E3E5A /* ViewController.m in Sources */ = {isa = PBXBuildFile; fileRef = F9E7F45320E63878003E3E5A /* ViewController.m */; };
		F9E7F45720E63878003E3E5A /* Main.storyboard in Resources */ = {isa = PBXBuildFile; fileRef = F9E7F45520E63878003E3E5A /* Main.storyboard */; };
		F9E7F45920E6387A003E3E5A /* Assets.xcassets in Resources */ = {isa = PBXBuildFile; fileRef = F9E7F45820E6387A003E3E5A /* Assets.xcassets */; };
		F9E7F45C20E6387A003E3E5A /* LaunchScreen.storyboard in Resources */ = {isa = PBXBuildFile; fileRef = F9E7F45A20E6387A003E3E5A /* LaunchScreen.storyboard */; };
		F9E7F45F20E6387A003E3E5A /* main.m in Sources */ = {isa = PBXBuildFile; fileRef = F9E7F45E20E6387A003E3E5A /* main.m */; };
		F9E7F46920E6387B003E3E5A /* MatchismoTests.m in Sources */ = {isa = PBXBuildFile; fileRef = F9E7F46820E6387B003E3E5A /* MatchismoTests.m */; };
		F9E7F47420E6387B003E3E5A /* MatchismoUITests.m in Sources */ = {isa = PBXBuildFile; fileRef = F9E7F47320E6387B003E3E5A /* MatchismoUITests.m */; };
		F9E7F48D20E76B97003E3E5A /* Card.m in Sources */ = {isa = PBXBuildFile; fileRef = F9E7F48520E76B97003E3E5A /* Card.m */; };
		F9E7F48E20E76B97003E3E5A /* PlayingCard.m in Sources */ = {isa = PBXBuildFile; fileRef = F9E7F48620E76B97003E3E5A /* PlayingCard.m */; };
		F9E7F48F20E76B97003E3E5A /* PlayingCardDeck.m in Sources */ = {isa = PBXBuildFile; fileRef = F9E7F48820E76B97003E3E5A /* PlayingCardDeck.m */; };
		F9E7F49020E76B97003E3E5A /* Deck.m in Sources */ = {isa = PBXBuildFile; fileRef = F9E7F48B20E76B97003E3E5A /* Deck.m */; };
/* End PBXBuildFile section */

/* Begin PBXContainerItemProxy section */
		F9E7F46520E6387B003E3E5A /* PBXContainerItemProxy */ = {
			isa = PBXContainerItemProxy;
			containerPortal = F9E7F44420E63878003E3E5A /* Project object */;
			proxyType = 1;
			remoteGlobalIDString = F9E7F44B20E63878003E3E5A;
			remoteInfo = Matchismo;
		};
		F9E7F47020E6387B003E3E5A /* PBXContainerItemProxy */ = {
			isa = PBXContainerItemProxy;
			containerPortal = F9E7F44420E63878003E3E5A /* Project object */;
			proxyType = 1;
			remoteGlobalIDString = F9E7F44B20E63878003E3E5A;
			remoteInfo = Matchismo;
		};
/* End PBXContainerItemProxy section */

/* Begin PBXFileReference section */
		F9E7F44C20E63878003E3E5A /* Matchismo.app */ = {isa = PBXFileReference; explicitFileType = wrapper.application; includeInIndex = 0; path = Matchismo.app; sourceTree = BUILT_PRODUCTS_DIR; };
		F9E7F44F20E63878003E3E5A /* AppDelegate.h */ = {isa = PBXFileReference; lastKnownFileType = sourcecode.c.h; path = AppDelegate.h; sourceTree = "<group>"; };
		F9E7F45020E63878003E3E5A /* AppDelegate.m */ = {isa = PBXFileReference; lastKnownFileType = sourcecode.c.objc; path = AppDelegate.m; sourceTree = "<group>"; };
		F9E7F45220E63878003E3E5A /* ViewController.h */ = {isa = PBXFileReference; lastKnownFileType = sourcecode.c.h; path = ViewController.h; sourceTree = "<group>"; };
		F9E7F45320E63878003E3E5A /* ViewController.m */ = {isa = PBXFileReference; lastKnownFileType = sourcecode.c.objc; path = ViewController.m; sourceTree = "<group>"; };
		F9E7F45620E63878003E3E5A /* Base */ = {isa = PBXFileReference; lastKnownFileType = file.storyboard; name = Base; path = Base.lproj/Main.storyboard; sourceTree = "<group>"; };
		F9E7F45820E6387A003E3E5A /* Assets.xcassets */ = {isa = PBXFileReference; lastKnownFileType = folder.assetcatalog; path = Assets.xcassets; sourceTree = "<group>"; };
		F9E7F45B20E6387A003E3E5A /* Base */ = {isa = PBXFileReference; lastKnownFileType = file.storyboard; name = Base; path = Base.lproj/LaunchScreen.storyboard; sourceTree = "<group>"; };
		F9E7F45D20E6387A003E3E5A /* Info.plist */ = {isa = PBXFileReference; lastKnownFileType = text.plist.xml; path = Info.plist; sourceTree = "<group>"; };
		F9E7F45E20E6387A003E3E5A /* main.m */ = {isa = PBXFileReference; lastKnownFileType = sourcecode.c.objc; path = main.m; sourceTree = "<group>"; };
		F9E7F46420E6387B003E3E5A /* MatchismoTests.xctest */ = {isa = PBXFileReference; explicitFileType = wrapper.cfbundle; includeInIndex = 0; path = MatchismoTests.xctest; sourceTree = BUILT_PRODUCTS_DIR; };
		F9E7F46820E6387B003E3E5A /* MatchismoTests.m */ = {isa = PBXFileReference; lastKnownFileType = sourcecode.c.objc; path = MatchismoTests.m; sourceTree = "<group>"; };
		F9E7F46A20E6387B003E3E5A /* Info.plist */ = {isa = PBXFileReference; lastKnownFileType = text.plist.xml; path = Info.plist; sourceTree = "<group>"; };
		F9E7F46F20E6387B003E3E5A /* MatchismoUITests.xctest */ = {isa = PBXFileReference; explicitFileType = wrapper.cfbundle; includeInIndex = 0; path = MatchismoUITests.xctest; sourceTree = BUILT_PRODUCTS_DIR; };
		F9E7F47320E6387B003E3E5A /* MatchismoUITests.m */ = {isa = PBXFileReference; lastKnownFileType = sourcecode.c.objc; path = MatchismoUITests.m; sourceTree = "<group>"; };
		F9E7F47520E6387B003E3E5A /* Info.plist */ = {isa = PBXFileReference; lastKnownFileType = text.plist.xml; path = Info.plist; sourceTree = "<group>"; };
		F9E7F48520E76B97003E3E5A /* Card.m */ = {isa = PBXFileReference; fileEncoding = 4; lastKnownFileType = sourcecode.c.objc; name = Card.m; path = ../../../OCTest01/OCTest01/Card.m; sourceTree = "<group>"; };
		F9E7F48620E76B97003E3E5A /* PlayingCard.m */ = {isa = PBXFileReference; fileEncoding = 4; lastKnownFileType = sourcecode.c.objc; path = PlayingCard.m; sourceTree = "<group>"; };
		F9E7F48720E76B97003E3E5A /* PlayingCardDeck.h */ = {isa = PBXFileReference; fileEncoding = 4; lastKnownFileType = sourcecode.c.h; path = PlayingCardDeck.h; sourceTree = "<group>"; };
		F9E7F48820E76B97003E3E5A /* PlayingCardDeck.m */ = {isa = PBXFileReference; fileEncoding = 4; lastKnownFileType = sourcecode.c.objc; path = PlayingCardDeck.m; sourceTree = "<group>"; };
		F9E7F48920E76B97003E3E5A /* PlayingCard.h */ = {isa = PBXFileReference; fileEncoding = 4; lastKnownFileType = sourcecode.c.h; path = PlayingCard.h; sourceTree = "<group>"; };
		F9E7F48A20E76B97003E3E5A /* Deck.h */ = {isa = PBXFileReference; fileEncoding = 4; lastKnownFileType = sourcecode.c.h; path = Deck.h; sourceTree = "<group>"; };
		F9E7F48B20E76B97003E3E5A /* Deck.m */ = {isa = PBXFileReference; fileEncoding = 4; lastKnownFileType = sourcecode.c.objc; path = Deck.m; sourceTree = "<group>"; };
		F9E7F48C20E76B97003E3E5A /* Card.h */ = {isa = PBXFileReference; fileEncoding = 4; lastKnownFileType = sourcecode.c.h; name = Card.h; path = ../../../OCTest01/OCTest01/Card.h; sourceTree = "<group>"; };
/* End PBXFileReference section */

/* Begin PBXFrameworksBuildPhase section */
		F9E7F44920E63878003E3E5A /* Frameworks */ = {
			isa = PBXFrameworksBuildPhase;
			buildActionMask = 2147483647;
			files = (
			);
			runOnlyForDeploymentPostprocessing = 0;
		};
		F9E7F46120E6387B003E3E5A /* Frameworks */ = {
			isa = PBXFrameworksBuildPhase;
			buildActionMask = 2147483647;
			files = (
			);
			runOnlyForDeploymentPostprocessing = 0;
		};
		F9E7F46C20E6387B003E3E5A /* Frameworks */ = {
			isa = PBXFrameworksBuildPhase;
			buildActionMask = 2147483647;
			files = (
			);
			runOnlyForDeploymentPostprocessing = 0;
		};
/* End PBXFrameworksBuildPhase section */

/* Begin PBXGroup section */
		F9E7F44320E63878003E3E5A = {
			isa = PBXGroup;
			children = (
				F9E7F44E20E63878003E3E5A /* Matchismo */,
				F9E7F46720E6387B003E3E5A /* MatchismoTests */,
				F9E7F47220E6387B003E3E5A /* MatchismoUITests */,
				F9E7F44D20E63878003E3E5A /* Products */,
			);
			sourceTree = "<group>";
		};
		F9E7F44D20E63878003E3E5A /* Products */ = {
			isa = PBXGroup;
			children = (
				F9E7F44C20E63878003E3E5A /* Matchismo.app */,
				F9E7F46420E6387B003E3E5A /* MatchismoTests.xctest */,
				F9E7F46F20E6387B003E3E5A /* MatchismoUITests.xctest */,
			);
			name = Products;
			sourceTree = "<group>";
		};
		F9E7F44E20E63878003E3E5A /* Matchismo */ = {
			isa = PBXGroup;
			children = (
				F9E7F44F20E63878003E3E5A /* AppDelegate.h */,
				F9E7F45020E63878003E3E5A /* AppDelegate.m */,
				F9E7F45220E63878003E3E5A /* ViewController.h */,
				F9E7F45320E63878003E3E5A /* ViewController.m */,
				F9E7F45520E63878003E3E5A /* Main.storyboard */,
				F9E7F48420E7695D003E3E5A /* Model */,
				F9E7F45820E6387A003E3E5A /* Assets.xcassets */,
				F9E7F45A20E6387A003E3E5A /* LaunchScreen.storyboard */,
				F9E7F45D20E6387A003E3E5A /* Info.plist */,
				F9E7F45E20E6387A003E3E5A /* main.m */,
			);
			path = Matchismo;
			sourceTree = "<group>";
		};
		F9E7F46720E6387B003E3E5A /* MatchismoTests */ = {
			isa = PBXGroup;
			children = (
				F9E7F46820E6387B003E3E5A /* MatchismoTests.m */,
				F9E7F46A20E6387B003E3E5A /* Info.plist */,
			);
			path = MatchismoTests;
			sourceTree = "<group>";
		};
		F9E7F47220E6387B003E3E5A /* MatchismoUITests */ = {
			isa = PBXGroup;
			children = (
				F9E7F47320E6387B003E3E5A /* MatchismoUITests.m */,
				F9E7F47520E6387B003E3E5A /* Info.plist */,
			);
			path = MatchismoUITests;
			sourceTree = "<group>";
		};
		F9E7F48420E7695D003E3E5A /* Model */ = {
			isa = PBXGroup;
			children = (
				F9E7F48C20E76B97003E3E5A /* Card.h */,
				F9E7F48520E76B97003E3E5A /* Card.m */,
				F9E7F48A20E76B97003E3E5A /* Deck.h */,
				F9E7F48B20E76B97003E3E5A /* Deck.m */,
				F9E7F48920E76B97003E3E5A /* PlayingCard.h */,
				F9E7F48620E76B97003E3E5A /* PlayingCard.m */,
				F9E7F48720E76B97003E3E5A /* PlayingCardDeck.h */,
				F9E7F48820E76B97003E3E5A /* PlayingCardDeck.m */,
			);
			name = Model;
			path = "New Group";
			sourceTree = "<group>";
		};
/* End PBXGroup section */

/* Begin PBXNativeTarget section */
		F9E7F44B20E63878003E3E5A /* Matchismo */ = {
			isa = PBXNativeTarget;
			buildConfigurationList = F9E7F47820E6387B003E3E5A /* Build configuration list for PBXNativeTarget "Matchismo" */;
			buildPhases = (
				F9E7F44820E63878003E3E5A /* Sources */,
				F9E7F44920E63878003E3E5A /* Frameworks */,
				F9E7F44A20E63878003E3E5A /* Resources */,
			);
			buildRules = (
			);
			dependencies = (
			);
			name = Matchismo;
			productName = Matchismo;
			productReference = F9E7F44C20E63878003E3E5A /* Matchismo.app */;
			productType = "com.apple.product-type.application";
		};
		F9E7F46320E6387B003E3E5A /* MatchismoTests */ = {
			isa = PBXNativeTarget;
			buildConfigurationList = F9E7F47B20E6387B003E3E5A /* Build configuration list for PBXNativeTarget "MatchismoTests" */;
			buildPhases = (
				F9E7F46020E6387B003E3E5A /* Sources */,
				F9E7F46120E6387B003E3E5A /* Frameworks */,
				F9E7F46220E6387B003E3E5A /* Resources */,
			);
			buildRules = (
			);
			dependencies = (
				F9E7F46620E6387B003E3E5A /* PBXTargetDependency */,
			);
			name = MatchismoTests;
			productName = MatchismoTests;
			productReference = F9E7F46420E6387B003E3E5A /* MatchismoTests.xctest */;
			productType = "com.apple.product-type.bundle.unit-test";
		};
		F9E7F46E20E6387B003E3E5A /* MatchismoUITests */ = {
			isa = PBXNativeTarget;
			buildConfigurationList = F9E7F47E20E6387B003E3E5A /* Build configuration list for PBXNativeTarget "MatchismoUITests" */;
			buildPhases = (
				F9E7F46B20E6387B003E3E5A /* Sources */,
				F9E7F46C20E6387B003E3E5A /* Frameworks */,
				F9E7F46D20E6387B003E3E5A /* Resources */,
			);
			buildRules = (
			);
			dependencies = (
				F9E7F47120E6387B003E3E5A /* PBXTargetDependency */,
			);
			name = MatchismoUITests;
			productName = MatchismoUITests;
			productReference = F9E7F46F20E6387B003E3E5A /* MatchismoUITests.xctest */;
			productType = "com.apple.product-type.bundle.ui-testing";
		};
/* End PBXNativeTarget section */

/* Begin PBXProject section */
		F9E7F44420E63878003E3E5A /* Project object */ = {
			isa = PBXProject;
			attributes = {
				LastUpgradeCheck = 0940;
				ORGANIZATIONNAME = lstec;
				TargetAttributes = {
					F9E7F44B20E63878003E3E5A = {
						CreatedOnToolsVersion = 9.4.1;
					};
					F9E7F46320E6387B003E3E5A = {
						CreatedOnToolsVersion = 9.4.1;
						TestTargetID = F9E7F44B20E63878003E3E5A;
					};
					F9E7F46E20E6387B003E3E5A = {
						CreatedOnToolsVersion = 9.4.1;
						TestTargetID = F9E7F44B20E63878003E3E5A;
					};
				};
			};
			buildConfigurationList = F9E7F44720E63878003E3E5A /* Build configuration list for PBXProject "Matchismo" */;
			compatibilityVersion = "Xcode 9.3";
			developmentRegion = en;
			hasScannedForEncodings = 0;
			knownRegions = (
				en,
				Base,
			);
			mainGroup = F9E7F44320E63878003E3E5A;
			productRefGroup = F9E7F44D20E63878003E3E5A /* Products */;
			projectDirPath = "";
			projectRoot = "";
			targets = (
				F9E7F44B20E63878003E3E5A /* Matchismo */,
				F9E7F46320E6387B003E3E5A /* MatchismoTests */,
				F9E7F46E20E6387B003E3E5A /* MatchismoUITests */,
			);
		};
/* End PBXProject section */

/* Begin PBXResourcesBuildPhase section */
		F9E7F44A20E63878003E3E5A /* Resources */ = {
			isa = PBXResourcesBuildPhase;
			buildActionMask = 2147483647;
			files = (
				F9E7F45C20E6387A003E3E5A /* LaunchScreen.storyboard in Resources */,
				F9E7F45920E6387A003E3E5A /* Assets.xcassets in Resources */,
				F9E7F45720E63878003E3E5A /* Main.storyboard in Resources */,
			);
			runOnlyForDeploymentPostprocessing = 0;
		};
		F9E7F46220E6387B003E3E5A /* Resources */ = {
			isa = PBXResourcesBuildPhase;
			buildActionMask = 2147483647;
			files = (
			);
			runOnlyForDeploymentPostprocessing = 0;
		};
		F9E7F46D20E6387B003E3E5A /* Resources */ = {
			isa = PBXResourcesBuildPhase;
			buildActionMask = 2147483647;
			files = (
			);
			runOnlyForDeploymentPostprocessing = 0;
		};
/* End PBXResourcesBuildPhase section */

/* Begin PBXSourcesBuildPhase section */
		F9E7F44820E63878003E3E5A /* Sources */ = {
			isa = PBXSourcesBuildPhase;
			buildActionMask = 2147483647;
			files = (
				F9E7F49020E76B97003E3E5A /* Deck.m in Sources */,
				F9E7F48E20E76B97003E3E5A /* PlayingCard.m in Sources */,
				F9E7F48D20E76B97003E3E5A /* Card.m in Sources */,
				F9E7F45420E63878003E3E5A /* ViewController.m in Sources */,
				F9E7F45F20E6387A003E3E5A /* main.m in Sources */,
				F9E7F48F20E76B97003E3E5A /* PlayingCardDeck.m in Sources */,
				F9E7F45120E63878003E3E5A /* AppDelegate.m in Sources */,
			);
			runOnlyForDeploymentPostprocessing = 0;
		};
		F9E7F46020E6387B003E3E5A /* Sources */ = {
			isa = PBXSourcesBuildPhase;
			buildActionMask = 2147483647;
			files = (
				F9E7F46920E6387B003E3E5A /* MatchismoTests.m in Sources */,
			);
			runOnlyForDeploymentPostprocessing = 0;
		};
		F9E7F46B20E6387B003E3E5A /* Sources */ = {
			isa = PBXSourcesBuildPhase;
			buildActionMask = 2147483647;
			files = (
				F9E7F47420E6387B003E3E5A /* MatchismoUITests.m in Sources */,
			);
			runOnlyForDeploymentPostprocessing = 0;
		};
/* End PBXSourcesBuildPhase section */

/* Begin PBXTargetDependency section */
		F9E7F46620E6387B003E3E5A /* PBXTargetDependency */ = {
			isa = PBXTargetDependency;
			target = F9E7F44B20E63878003E3E5A /* Matchismo */;
			targetProxy = F9E7F46520E6387B003E3E5A /* PBXContainerItemProxy */;
		};
		F9E7F47120E6387B003E3E5A /* PBXTargetDependency */ = {
			isa = PBXTargetDependency;
			target = F9E7F44B20E63878003E3E5A /* Matchismo */;
			targetProxy = F9E7F47020E6387B003E3E5A /* PBXContainerItemProxy */;
		};
/* End PBXTargetDependency section */

/* Begin PBXVariantGroup section */
		F9E7F45520E63878003E3E5A /* Main.storyboard */ = {
			isa = PBXVariantGroup;
			children = (
				F9E7F45620E63878003E3E5A /* Base */,
			);
			name = Main.storyboard;
			sourceTree = "<group>";
		};
		F9E7F45A20E6387A003E3E5A /* LaunchScreen.storyboard */ = {
			isa = PBXVariantGroup;
			children = (
				F9E7F45B20E6387A003E3E5A /* Base */,
			);
			name = LaunchScreen.storyboard;
			sourceTree = "<group>";
		};
/* End PBXVariantGroup section */

/* Begin XCBuildConfiguration section */
		F9E7F47620E6387B003E3E5A /* Debug */ = {
			isa = XCBuildConfiguration;
			buildSettings = {
				ALWAYS_SEARCH_USER_PATHS = NO;
				CLANG_ANALYZER_NONNULL = YES;
				CLANG_ANALYZER_NUMBER_OBJECT_CONVERSION = YES_AGGRESSIVE;
				CLANG_CXX_LANGUAGE_STANDARD = "gnu++14";
				CLANG_CXX_LIBRARY = "libc++";
				CLANG_ENABLE_MODULES = YES;
				CLANG_ENABLE_OBJC_ARC = YES;
				CLANG_ENABLE_OBJC_WEAK = YES;
				CLANG_WARN_BLOCK_CAPTURE_AUTORELEASING = YES;
				CLANG_WARN_BOOL_CONVERSION = YES;
				CLANG_WARN_COMMA = YES;
				CLANG_WARN_CONSTANT_CONVERSION = YES;
				CLANG_WARN_DEPRECATED_OBJC_IMPLEMENTATIONS = YES;
				CLANG_WARN_DIRECT_OBJC_ISA_USAGE = YES_ERROR;
				CLANG_WARN_DOCUMENTATION_COMMENTS = YES;
				CLANG_WARN_EMPTY_BODY = YES;
				CLANG_WARN_ENUM_CONVERSION = YES;
				CLANG_WARN_INFINITE_RECURSION = YES;
				CLANG_WARN_INT_CONVERSION = YES;
				CLANG_WARN_NON_LITERAL_NULL_CONVERSION = YES;
				CLANG_WARN_OBJC_IMPLICIT_RETAIN_SELF = YES;
				CLANG_WARN_OBJC_LITERAL_CONVERSION = YES;
				CLANG_WARN_OBJC_ROOT_CLASS = YES_ERROR;
				CLANG_WARN_RANGE_LOOP_ANALYSIS = YES;
				CLANG_WARN_STRICT_PROTOTYPES = YES;
				CLANG_WARN_SUSPICIOUS_MOVE = YES;
				CLANG_WARN_UNGUARDED_AVAILABILITY = YES_AGGRESSIVE;
				CLANG_WARN_UNREACHABLE_CODE = YES;
				CLANG_WARN__DUPLICATE_METHOD_MATCH = YES;
				CODE_SIGN_IDENTITY = "iPhone Developer";
				COPY_PHASE_STRIP = NO;
				DEBUG_INFORMATION_FORMAT = dwarf;
				ENABLE_STRICT_OBJC_MSGSEND = YES;
				ENABLE_TESTABILITY = YES;
				GCC_C_LANGUAGE_STANDARD = gnu11;
				GCC_DYNAMIC_NO_PIC = NO;
				GCC_NO_COMMON_BLOCKS = YES;
				GCC_OPTIMIZATION_LEVEL = 0;
				GCC_PREPROCESSOR_DEFINITIONS = (
					"DEBUG=1",
					"$(inherited)",
				);
				GCC_WARN_64_TO_32_BIT_CONVERSION = YES;
				GCC_WARN_ABOUT_RETURN_TYPE = YES_ERROR;
				GCC_WARN_UNDECLARED_SELECTOR = YES;
				GCC_WARN_UNINITIALIZED_AUTOS = YES_AGGRESSIVE;
				GCC_WARN_UNUSED_FUNCTION = YES;
				GCC_WARN_UNUSED_VARIABLE = YES;
				IPHONEOS_DEPLOYMENT_TARGET = 11.4;
				MTL_ENABLE_DEBUG_INFO = YES;
				ONLY_ACTIVE_ARCH = YES;
				SDKROOT = iphoneos;
			};
			name = Debug;
		};
		F9E7F47720E6387B003E3E5A /* Release */ = {
			isa = XCBuildConfiguration;
			buildSettings = {
				ALWAYS_SEARCH_USER_PATHS = NO;
				CLANG_ANALYZER_NONNULL = YES;
				CLANG_ANALYZER_NUMBER_OBJECT_CONVERSION = YES_AGGRESSIVE;
				CLANG_CXX_LANGUAGE_STANDARD = "gnu++14";
				CLANG_CXX_LIBRARY = "libc++";
				CLANG_ENABLE_MODULES = YES;
				CLANG_ENABLE_OBJC_ARC = YES;
				CLANG_ENABLE_OBJC_WEAK = YES;
				CLANG_WARN_BLOCK_CAPTURE_AUTORELEASING = YES;
				CLANG_WARN_BOOL_CONVERSION = YES;
				CLANG_WARN_COMMA = YES;
				CLANG_WARN_CONSTANT_CONVERSION = YES;
				CLANG_WARN_DEPRECATED_OBJC_IMPLEMENTATIONS = YES;
				CLANG_WARN_DIRECT_OBJC_ISA_USAGE = YES_ERROR;
				CLANG_WARN_DOCUMENTATION_COMMENTS = YES;
				CLANG_WARN_EMPTY_BODY = YES;
				CLANG_WARN_ENUM_CONVERSION = YES;
				CLANG_WARN_INFINITE_RECURSION = YES;
				CLANG_WARN_INT_CONVERSION = YES;
				CLANG_WARN_NON_LITERAL_NULL_CONVERSION = YES;
				CLANG_WARN_OBJC_IMPLICIT_RETAIN_SELF = YES;
				CLANG_WARN_OBJC_LITERAL_CONVERSION = YES;
				CLANG_WARN_OBJC_ROOT_CLASS = YES_ERROR;
				CLANG_WARN_RANGE_LOOP_ANALYSIS = YES;
				CLANG_WARN_STRICT_PROTOTYPES = YES;
				CLANG_WARN_SUSPICIOUS_MOVE = YES;
				CLANG_WARN_UNGUARDED_AVAILABILITY = YES_AGGRESSIVE;
				CLANG_WARN_UNREACHABLE_CODE = YES;
				CLANG_WARN__DUPLICATE_METHOD_MATCH = YES;
				CODE_SIGN_IDENTITY = "iPhone Developer";
				COPY_PHASE_STRIP = NO;
				DEBUG_INFORMATION_FORMAT = "dwarf-with-dsym";
				ENABLE_NS_ASSERTIONS = NO;
				ENABLE_STRICT_OBJC_MSGSEND = YES;
				GCC_C_LANGUAGE_STANDARD = gnu11;
				GCC_NO_COMMON_BLOCKS = YES;
				GCC_WARN_64_TO_32_BIT_CONVERSION = YES;
				GCC_WARN_ABOUT_RETURN_TYPE = YES_ERROR;
				GCC_WARN_UNDECLARED_SELECTOR = YES;
				GCC_WARN_UNINITIALIZED_AUTOS = YES_AGGRESSIVE;
				GCC_WARN_UNUSED_FUNCTION = YES;
				GCC_WARN_UNUSED_VARIABLE = YES;
				IPHONEOS_DEPLOYMENT_TARGET = 11.4;
				MTL_ENABLE_DEBUG_INFO = NO;
				SDKROOT = iphoneos;
				VALIDATE_PRODUCT = YES;
			};
			name = Release;
		};
		F9E7F47920E6387B003E3E5A /* Debug */ = {
			isa = XCBuildConfiguration;
			buildSettings = {
				ASSETCATALOG_COMPILER_APPICON_NAME = AppIcon;
				CODE_SIGN_STYLE = Automatic;
				DEVELOPMENT_TEAM = U2JH9FKJQ7;
				INFOPLIST_FILE = Matchismo/Info.plist;
				LD_RUNPATH_SEARCH_PATHS = (
					"$(inherited)",
					"@executable_path/Frameworks",
				);
				PRODUCT_BUNDLE_IDENTIFIER = org.lstec.Matchismo;
				PRODUCT_NAME = "$(TARGET_NAME)";
				TARGETED_DEVICE_FAMILY = 1;
			};
			name = Debug;
		};
		F9E7F47A20E6387B003E3E5A /* Release */ = {
			isa = XCBuildConfiguration;
			buildSettings = {
				ASSETCATALOG_COMPILER_APPICON_NAME = AppIcon;
				CODE_SIGN_STYLE = Automatic;
				DEVELOPMENT_TEAM = U2JH9FKJQ7;
				INFOPLIST_FILE = Matchismo/Info.plist;
				LD_RUNPATH_SEARCH_PATHS = (
					"$(inherited)",
					"@executable_path/Frameworks",
				);
				PRODUCT_BUNDLE_IDENTIFIER = org.lstec.Matchismo;
				PRODUCT_NAME = "$(TARGET_NAME)";
				TARGETED_DEVICE_FAMILY = 1;
			};
			name = Release;
		};
		F9E7F47C20E6387B003E3E5A /* Debug */ = {
			isa = XCBuildConfiguration;
			buildSettings = {
				BUNDLE_LOADER = "$(TEST_HOST)";
				CODE_SIGN_STYLE = Automatic;
				DEVELOPMENT_TEAM = U2JH9FKJQ7;
				INFOPLIST_FILE = MatchismoTests/Info.plist;
				LD_RUNPATH_SEARCH_PATHS = (
					"$(inherited)",
					"@executable_path/Frameworks",
					"@loader_path/Frameworks",
				);
				PRODUCT_BUNDLE_IDENTIFIER = org.lstec.MatchismoTests;
				PRODUCT_NAME = "$(TARGET_NAME)";
				TARGETED_DEVICE_FAMILY = "1,2";
				TEST_HOST = "$(BUILT_PRODUCTS_DIR)/Matchismo.app/Matchismo";
			};
			name = Debug;
		};
		F9E7F47D20E6387B003E3E5A /* Release */ = {
			isa = XCBuildConfiguration;
			buildSettings = {
				BUNDLE_LOADER = "$(TEST_HOST)";
				CODE_SIGN_STYLE = Automatic;
				DEVELOPMENT_TEAM = U2JH9FKJQ7;
				INFOPLIST_FILE = MatchismoTests/Info.plist;
				LD_RUNPATH_SEARCH_PATHS = (
					"$(inherited)",
					"@executable_path/Frameworks",
					"@loader_path/Frameworks",
				);
				PRODUCT_BUNDLE_IDENTIFIER = org.lstec.MatchismoTests;
				PRODUCT_NAME = "$(TARGET_NAME)";
				TARGETED_DEVICE_FAMILY = "1,2";
				TEST_HOST = "$(BUILT_PRODUCTS_DIR)/Matchismo.app/Matchismo";
			};
			name = Release;
		};
		F9E7F47F20E6387B003E3E5A /* Debug */ = {
			isa = XCBuildConfiguration;
			buildSettings = {
				CODE_SIGN_STYLE = Automatic;
				DEVELOPMENT_TEAM = U2JH9FKJQ7;
				INFOPLIST_FILE = MatchismoUITests/Info.plist;
				LD_RUNPATH_SEARCH_PATHS = (
					"$(inherited)",
					"@executable_path/Frameworks",
					"@loader_path/Frameworks",
				);
				PRODUCT_BUNDLE_IDENTIFIER = org.lstec.MatchismoUITests;
				PRODUCT_NAME = "$(TARGET_NAME)";
				TARGETED_DEVICE_FAMILY = "1,2";
				TEST_TARGET_NAME = Matchismo;
			};
			name = Debug;
		};
		F9E7F48020E6387B003E3E5A /* Release */ = {
			isa = XCBuildConfiguration;
			buildSettings = {
				CODE_SIGN_STYLE = Automatic;
				DEVELOPMENT_TEAM = U2JH9FKJQ7;
				INFOPLIST_FILE = MatchismoUITests/Info.plist;
				LD_RUNPATH_SEARCH_PATHS = (
					"$(inherited)",
					"@executable_path/Frameworks",
					"@loader_path/Frameworks",
				);
				PRODUCT_BUNDLE_IDENTIFIER = org.lstec.MatchismoUITests;
				PRODUCT_NAME = "$(TARGET_NAME)";
				TARGETED_DEVICE_FAMILY = "1,2";
				TEST_TARGET_NAME = Matchismo;
			};
			name = Release;
		};
/* End XCBuildConfiguration section */

/* Begin XCConfigurationList section */
		F9E7F44720E63878003E3E5A /* Build configuration list for PBXProject "Matchismo" */ = {
			isa = XCConfigurationList;
			buildConfigurations = (
				F9E7F47620E6387B003E3E5A /* Debug */,
				F9E7F47720E6387B003E3E5A /* Release */,
			);
			defaultConfigurationIsVisible = 0;
			defaultConfigurationName = Release;
		};
		F9E7F47820E6387B003E3E5A /* Build configuration list for PBXNativeTarget "Matchismo" */ = {
			isa = XCConfigurationList;
			buildConfigurations = (
				F9E7F47920E6387B003E3E5A /* Debug */,
				F9E7F47A20E6387B003E3E5A /* Release */,
			);
			defaultConfigurationIsVisible = 0;
			defaultConfigurationName = Release;
		};
		F9E7F47B20E6387B003E3E5A /* Build configuration list for PBXNativeTarget "MatchismoTests" */ = {
			isa = XCConfigurationList;
			buildConfigurations = (
				F9E7F47C20E6387B003E3E5A /* Debug */,
				F9E7F47D20E6387B003E3E5A /* Release */,
			);
			defaultConfigurationIsVisible = 0;
			defaultConfigurationName = Release;
		};
		F9E7F47E20E6387B003E3E5A /* Build configuration list for PBXNativeTarget "MatchismoUITests" */ = {
			isa = XCConfigurationList;
			buildConfigurations = (
				F9E7F47F20E6387B003E3E5A /* Debug */,
				F9E7F48020E6387B003E3E5A /* Release */,
			);
			defaultConfigurationIsVisible = 0;
			defaultConfigurationName = Release;
		};
/* End XCConfigurationList section */
	};
	rootObject = F9E7F44420E63878003E3E5A /* Project object */;
}
